
Microsoft Visual Studio Solution File, Format Version 12.00
# Visual Studio Version 17
VisualStudioVersion = 17.13.35825.156 d17.13
MinimumVisualStudioVersion = 10.0.40219.1
Project("{FAE04EC0-301F-11D3-BF4B-00C04F79EFBC}") = "6_TheVariableShop", "6_TheVariableShop.csproj", "{AD9D2A11-F478-4B0F-A78C-736AA1F2213D}"
EndProject
Global
	GlobalSection(SolutionConfigurationPlatforms) = preSolution
		Debug|Any CPU = Debug|Any CPU
		Release|Any CPU = Release|Any CPU
	EndGlobalSection
	GlobalSection(ProjectConfigurationPlatforms) = postSolution
		{AD9D2A11-F478-4B0F-A78C-736AA1F2213D}.Debug|Any CPU.ActiveCfg = Debug|Any CPU
		{AD9D2A11-F478-4B0F-A78C-736AA1F2213D}.Debug|Any CPU.Build.0 = Debug|Any CPU
		{AD9D2A11-F478-4B0F-A78C-736AA1F2213D}.Release|Any CPU.ActiveCfg = Release|Any CPU
		{AD9D2A11-F478-4B0F-A78C-736AA1F2213D}.Release|Any CPU.Build.0 = Release|Any CPU
	EndGlobalSection
	GlobalSection(SolutionProperties) = preSolution
		HideSolutionNode = FALSE
	EndGlobalSection
	GlobalSection(ExtensibilityGlobals) = postSolution
		SolutionGuid = {89BB50AF-953D-42FE-B596-FF13D4237AD9}
	EndGlobalSection
EndGlobal
