
Microsoft Visual Studio Solution File, Format Version 12.00
# Visual Studio Version 17
VisualStudioVersion = 17.13.35825.156 d17.13
MinimumVisualStudioVersion = 10.0.40219.1
Project("{FAE04EC0-301F-11D3-BF4B-00C04F79EFBC}") = "8_TheTriangleFarmer", "8_TheTriangleFarmer.csproj", "{3E4A2481-096D-4B04-9C9D-35F68AC7237E}"
EndProject
Global
	GlobalSection(SolutionConfigurationPlatforms) = preSolution
		Debug|Any CPU = Debug|Any CPU
		Release|Any CPU = Release|Any CPU
	EndGlobalSection
	GlobalSection(ProjectConfigurationPlatforms) = postSolution
		{3E4A2481-096D-4B04-9C9D-35F68AC7237E}.Debug|Any CPU.ActiveCfg = Debug|Any CPU
		{3E4A2481-096D-4B04-9C9D-35F68AC7237E}.Debug|Any CPU.Build.0 = Debug|Any CPU
		{3E4A2481-096D-4B04-9C9D-35F68AC7237E}.Release|Any CPU.ActiveCfg = Release|Any CPU
		{3E4A2481-096D-4B04-9C9D-35F68AC7237E}.Release|Any CPU.Build.0 = Release|Any CPU
	EndGlobalSection
	GlobalSection(SolutionProperties) = preSolution
		HideSolutionNode = FALSE
	EndGlobalSection
	GlobalSection(ExtensibilityGlobals) = postSolution
		SolutionGuid = {CB4C9B97-D7E9-4CA6-8920-B68048FD0A26}
	EndGlobalSection
EndGlobal
