
Microsoft Visual Studio Solution File, Format Version 12.00
# Visual Studio Version 17
VisualStudioVersion = 17.13.35825.156 d17.13
MinimumVisualStudioVersion = 10.0.40219.1
Project("{FAE04EC0-301F-11D3-BF4B-00C04F79EFBC}") = "7_TheVariableShopReturns", "7_TheVariableShopReturns.csproj", "{C30069D6-599B-4EF7-8AFD-BF20506FD6B7}"
EndProject
Global
	GlobalSection(SolutionConfigurationPlatforms) = preSolution
		Debug|Any CPU = Debug|Any CPU
		Release|Any CPU = Release|Any CPU
	EndGlobalSection
	GlobalSection(ProjectConfigurationPlatforms) = postSolution
		{C30069D6-599B-4EF7-8AFD-BF20506FD6B7}.Debug|Any CPU.ActiveCfg = Debug|Any CPU
		{C30069D6-599B-4EF7-8AFD-BF20506FD6B7}.Debug|Any CPU.Build.0 = Debug|Any CPU
		{C30069D6-599B-4EF7-8AFD-BF20506FD6B7}.Release|Any CPU.ActiveCfg = Release|Any CPU
		{C30069D6-599B-4EF7-8AFD-BF20506FD6B7}.Release|Any CPU.Build.0 = Release|Any CPU
	EndGlobalSection
	GlobalSection(SolutionProperties) = preSolution
		HideSolutionNode = FALSE
	EndGlobalSection
	GlobalSection(ExtensibilityGlobals) = postSolution
		SolutionGuid = {0D390BC7-1015-4EF2-8F63-CCF1477C8D95}
	EndGlobalSection
EndGlobal
