
Microsoft Visual Studio Solution File, Format Version 12.00
# Visual Studio Version 17
VisualStudioVersion = 17.13.35825.156 d17.13
MinimumVisualStudioVersion = 10.0.40219.1
Project("{FAE04EC0-301F-11D3-BF4B-00C04F79EFBC}") = "5_TheThingNamer3000", "5_TheThingNamer3000.csproj", "{BA8A4B55-C54A-4616-8742-7B2FC35E1831}"
EndProject
Global
	GlobalSection(SolutionConfigurationPlatforms) = preSolution
		Debug|Any CPU = Debug|Any CPU
		Release|Any CPU = Release|Any CPU
	EndGlobalSection
	GlobalSection(ProjectConfigurationPlatforms) = postSolution
		{BA8A4B55-C54A-4616-8742-7B2FC35E1831}.Debug|Any CPU.ActiveCfg = Debug|Any CPU
		{BA8A4B55-C54A-4616-8742-7B2FC35E1831}.Debug|Any CPU.Build.0 = Debug|Any CPU
		{BA8A4B55-C54A-4616-8742-7B2FC35E1831}.Release|Any CPU.ActiveCfg = Release|Any CPU
		{BA8A4B55-C54A-4616-8742-7B2FC35E1831}.Release|Any CPU.Build.0 = Release|Any CPU
	EndGlobalSection
	GlobalSection(SolutionProperties) = preSolution
		HideSolutionNode = FALSE
	EndGlobalSection
	GlobalSection(ExtensibilityGlobals) = postSolution
		SolutionGuid = {1C819E1B-B007-4C88-971B-4EA2272887FC}
	EndGlobalSection
EndGlobal
