
Microsoft Visual Studio Solution File, Format Version 12.00
# Visual Studio Version 17
VisualStudioVersion = 17.13.35825.156 d17.13
MinimumVisualStudioVersion = 10.0.40219.1
Project("{FAE04EC0-301F-11D3-BF4B-00C04F79EFBC}") = "18_TheReplicatorOfDTo", "18_TheReplicatorOfDTo.csproj", "{7EE56FD6-CD4C-4D37-A30D-8279B20FB43B}"
EndProject
Global
	GlobalSection(SolutionConfigurationPlatforms) = preSolution
		Debug|Any CPU = Debug|Any CPU
		Release|Any CPU = Release|Any CPU
	EndGlobalSection
	GlobalSection(ProjectConfigurationPlatforms) = postSolution
		{7EE56FD6-CD4C-4D37-A30D-8279B20FB43B}.Debug|Any CPU.ActiveCfg = Debug|Any CPU
		{7EE56FD6-CD4C-4D37-A30D-8279B20FB43B}.Debug|Any CPU.Build.0 = Debug|Any CPU
		{7EE56FD6-CD4C-4D37-A30D-8279B20FB43B}.Release|Any CPU.ActiveCfg = Release|Any CPU
		{7EE56FD6-CD4C-4D37-A30D-8279B20FB43B}.Release|Any CPU.Build.0 = Release|Any CPU
	EndGlobalSection
	GlobalSection(SolutionProperties) = preSolution
		HideSolutionNode = FALSE
	EndGlobalSection
	GlobalSection(ExtensibilityGlobals) = postSolution
		SolutionGuid = {90F02218-614C-4B18-9C24-5C600D83F334}
	EndGlobalSection
EndGlobal
