
Microsoft Visual Studio Solution File, Format Version 12.00
# Visual Studio Version 17
VisualStudioVersion = 17.13.35825.156 d17.13
MinimumVisualStudioVersion = 10.0.40219.1
Project("{FAE04EC0-301F-11D3-BF4B-00C04F79EFBC}") = "25_VinFletchersArrows", "25_VinFletchersArrows.csproj", "{FCD214C6-BCB3-4134-9402-A88C5197D53B}"
EndProject
Global
	GlobalSection(SolutionConfigurationPlatforms) = preSolution
		Debug|Any CPU = Debug|Any CPU
		Release|Any CPU = Release|Any CPU
	EndGlobalSection
	GlobalSection(ProjectConfigurationPlatforms) = postSolution
		{FCD214C6-BCB3-4134-9402-A88C5197D53B}.Debug|Any CPU.ActiveCfg = Debug|Any CPU
		{FCD214C6-BCB3-4134-9402-A88C5197D53B}.Debug|Any CPU.Build.0 = Debug|Any CPU
		{FCD214C6-BCB3-4134-9402-A88C5197D53B}.Release|Any CPU.ActiveCfg = Release|Any CPU
		{FCD214C6-BCB3-4134-9402-A88C5197D53B}.Release|Any CPU.Build.0 = Release|Any CPU
	EndGlobalSection
	GlobalSection(SolutionProperties) = preSolution
		HideSolutionNode = FALSE
	EndGlobalSection
	GlobalSection(ExtensibilityGlobals) = postSolution
		SolutionGuid = {1B7573FD-D9C1-49E0-9C95-3620720C8480}
	EndGlobalSection
EndGlobal
