
Microsoft Visual Studio Solution File, Format Version 12.00
# Visual Studio Version 17
VisualStudioVersion = 17.13.35825.156 d17.13
MinimumVisualStudioVersion = 10.0.40219.1
Project("{FAE04EC0-301F-11D3-BF4B-00C04F79EFBC}") = "19_TheLawsOfFreach", "19_TheLawsOfFreach.csproj", "{030CDF9E-1AC6-44E4-BF4B-4781771DE783}"
EndProject
Global
	GlobalSection(SolutionConfigurationPlatforms) = preSolution
		Debug|Any CPU = Debug|Any CPU
		Release|Any CPU = Release|Any CPU
	EndGlobalSection
	GlobalSection(ProjectConfigurationPlatforms) = postSolution
		{030CDF9E-1AC6-44E4-BF4B-4781771DE783}.Debug|Any CPU.ActiveCfg = Debug|Any CPU
		{030CDF9E-1AC6-44E4-BF4B-4781771DE783}.Debug|Any CPU.Build.0 = Debug|Any CPU
		{030CDF9E-1AC6-44E4-BF4B-4781771DE783}.Release|Any CPU.ActiveCfg = Release|Any CPU
		{030CDF9E-1AC6-44E4-BF4B-4781771DE783}.Release|Any CPU.Build.0 = Release|Any CPU
	EndGlobalSection
	GlobalSection(SolutionProperties) = preSolution
		HideSolutionNode = FALSE
	EndGlobalSection
	GlobalSection(ExtensibilityGlobals) = postSolution
		SolutionGuid = {B002036B-D1D2-4F02-ABB8-43BDA64C67A0}
	EndGlobalSection
EndGlobal
